
Microsoft Visual Studio Solution File, Format Version 12.00
# Visual Studio Version 17
VisualStudioVersion = 17.11.35312.102
MinimumVisualStudioVersion = 10.0.40219.1
Project("{FAE04EC0-301F-11D3-BF4B-00C04F79EFBC}") = "ProjetoEstacionamentoDio", "ProjetoEstacionamentoDio\ProjetoEstacionamentoDio.csproj", "{260B8DD1-74C3-4244-B067-33C8A9F5FBBE}"
EndProject
Global
	GlobalSection(SolutionConfigurationPlatforms) = preSolution
		Debug|Any CPU = Debug|Any CPU
		Release|Any CPU = Release|Any CPU
	EndGlobalSection
	GlobalSection(ProjectConfigurationPlatforms) = postSolution
		{260B8DD1-74C3-4244-B067-33C8A9F5FBBE}.Debug|Any CPU.ActiveCfg = Debug|Any CPU
		{260B8DD1-74C3-4244-B067-33C8A9F5FBBE}.Debug|Any CPU.Build.0 = Debug|Any CPU
		{260B8DD1-74C3-4244-B067-33C8A9F5FBBE}.Release|Any CPU.ActiveCfg = Release|Any CPU
		{260B8DD1-74C3-4244-B067-33C8A9F5FBBE}.Release|Any CPU.Build.0 = Release|Any CPU
	EndGlobalSection
	GlobalSection(SolutionProperties) = preSolution
		HideSolutionNode = FALSE
	EndGlobalSection
	GlobalSection(ExtensibilityGlobals) = postSolution
		SolutionGuid = {3C928128-0277-4CB0-81F9-FBC9343FD8C4}
	EndGlobalSection
EndGlobal
